{
  "originHash" : "5ae9d2bbcd2590877facc3b4731742a32a26a535830f6e34d219df8f9b307635",
  "pins" : [
    {
      "identity" : "charts",
      "kind" : "remoteSourceControl",
      "location" : "https://github.com/ChartsOrg/Charts",
      "state" : {
        "revision" : "dd9c72e3d7e751e769971092a6bd72d39198ae63",
        "version" : "5.1.0"
      }
    },
    {
      "identity" : "sparkle",
      "kind" : "remoteSourceControl",
      "location" : "https://github.com/sparkle-project/Sparkle",
      "state" : {
        "revision" : "5581748cef2bae787496fe6d61139aebe0a451f6",
        "version" : "2.8.1"
      }
    },
    {
      "identity" : "swiftdate",
      "kind" : "remoteSourceControl",
      "location" : "https://github.com/malcommac/SwiftDate",
      "state" : {
        "revision" : "5d943224c3bb173e6ecf27295611615eba90c80e",
        "version" : "7.0.0"
      }
    }
  ],
  "version" : 3
}
